// !$*UTF8*$!
{
	archiveVersion = 1;
	classes = {
	};
	objectVersion = 48;
	objects = {

/* Begin PBXBuildFile section */
		452290551FBB18D30024B550 /* AppDelegate.swift in Sources */ = {isa = PBXBuildFile; fileRef = 452290541FBB18D30024B550 /* AppDelegate.swift */; };
		4522905A1FBB18D30024B550 /* Main.storyboard in Resources */ = {isa = PBXBuildFile; fileRef = 452290581FBB18D30024B550 /* Main.storyboard */; };
		4522905C1FBB18D30024B550 /* Assets.xcassets in Resources */ = {isa = PBXBuildFile; fileRef = 4522905B1FBB18D30024B550 /* Assets.xcassets */; };
		4522905F1FBB18D30024B550 /* LaunchScreen.storyboard in Resources */ = {isa = PBXBuildFile; fileRef = 4522905D1FBB18D30024B550 /* LaunchScreen.storyboard */; };
		457486151FBD7ED8002D1925 /* SMPageControl.swift in Sources */ = {isa = PBXBuildFile; fileRef = 457486141FBD7ED8002D1925 /* SMPageControl.swift */; };
		4575692D1FBDAA0C00FDEE20 /* SeedPhrase.storyboard in Resources */ = {isa = PBXBuildFile; fileRef = 4575692C1FBDAA0C00FDEE20 /* SeedPhrase.storyboard */; };
		457569321FBDBC7600FDEE20 /* SeedPhraseAboutViewController.swift in Sources */ = {isa = PBXBuildFile; fileRef = 457569311FBDBC7600FDEE20 /* SeedPhraseAboutViewController.swift */; };
		457569341FBDBC9600FDEE20 /* SeedPhraseAboutPresenter.swift in Sources */ = {isa = PBXBuildFile; fileRef = 457569331FBDBC9600FDEE20 /* SeedPhraseAboutPresenter.swift */; };
		457569361FBDC23300FDEE20 /* Colors.swift in Sources */ = {isa = PBXBuildFile; fileRef = 457569351FBDC23300FDEE20 /* Colors.swift */; };
		4575693A1FBDC38A00FDEE20 /* SeedPhraseWordPresenter.swift in Sources */ = {isa = PBXBuildFile; fileRef = 457569391FBDC38A00FDEE20 /* SeedPhraseWordPresenter.swift */; };
		4575693C1FBDC3A800FDEE20 /* SeedPhraseWordViewController.swift in Sources */ = {isa = PBXBuildFile; fileRef = 4575693B1FBDC3A800FDEE20 /* SeedPhraseWordViewController.swift */; };
		4575693F1FBDD6C300FDEE20 /* BackupSeedPhraseViewController.swift in Sources */ = {isa = PBXBuildFile; fileRef = 4575693E1FBDD6C300FDEE20 /* BackupSeedPhraseViewController.swift */; };
		457569411FBDD6E000FDEE20 /* BackupSeedPhrasePresenter.swift in Sources */ = {isa = PBXBuildFile; fileRef = 457569401FBDD6E000FDEE20 /* BackupSeedPhrasePresenter.swift */; };
		457569441FBDDCFF00FDEE20 /* CheckWordsViewController.swift in Sources */ = {isa = PBXBuildFile; fileRef = 457569431FBDDCFF00FDEE20 /* CheckWordsViewController.swift */; };
		457569461FBDDD0F00FDEE20 /* CheckWordsPresenter.swift in Sources */ = {isa = PBXBuildFile; fileRef = 457569451FBDDD0F00FDEE20 /* CheckWordsPresenter.swift */; };
		457569491FBDEDB900FDEE20 /* BackupFinishPresenter.swift in Sources */ = {isa = PBXBuildFile; fileRef = 457569481FBDEDB900FDEE20 /* BackupFinishPresenter.swift */; };
		4575694B1FBDEDE300FDEE20 /* BackupFinishViewController.swift in Sources */ = {isa = PBXBuildFile; fileRef = 4575694A1FBDEDE300FDEE20 /* BackupFinishViewController.swift */; };
		4583AC921FBC7122001991AA /* PortfolioTableViewCell.swift in Sources */ = {isa = PBXBuildFile; fileRef = 4583AC901FBC7122001991AA /* PortfolioTableViewCell.swift */; };
		4583AC931FBC7122001991AA /* PortfolioTableViewCell.xib in Resources */ = {isa = PBXBuildFile; fileRef = 4583AC911FBC7122001991AA /* PortfolioTableViewCell.xib */; };
		4583AC981FBC8596001991AA /* PortfolioCollectionViewCell.swift in Sources */ = {isa = PBXBuildFile; fileRef = 4583AC961FBC8596001991AA /* PortfolioCollectionViewCell.swift */; };
		4583AC991FBC8596001991AA /* PortfolioCollectionViewCell.xib in Resources */ = {isa = PBXBuildFile; fileRef = 4583AC971FBC8596001991AA /* PortfolioCollectionViewCell.xib */; };
		4583AC9F1FBC991E001991AA /* NewWalletTableViewCell.swift in Sources */ = {isa = PBXBuildFile; fileRef = 4583AC9D1FBC991E001991AA /* NewWalletTableViewCell.swift */; };
		4583ACA01FBC991E001991AA /* NewWalletTableViewCell.xib in Resources */ = {isa = PBXBuildFile; fileRef = 4583AC9E1FBC991E001991AA /* NewWalletTableViewCell.xib */; };
		4583ACA31FBCAC60001991AA /* ExtensionsUIView.swift in Sources */ = {isa = PBXBuildFile; fileRef = 4583ACA21FBCAC60001991AA /* ExtensionsUIView.swift */; };
		45A9491C1FC2D8C9003C3A23 /* Receive.storyboard in Resources */ = {isa = PBXBuildFile; fileRef = 45A9491B1FC2D8C9003C3A23 /* Receive.storyboard */; };
		45A9491F1FC2DFC7003C3A23 /* ReceiveStartViewController.swift in Sources */ = {isa = PBXBuildFile; fileRef = 45A9491E1FC2DFC7003C3A23 /* ReceiveStartViewController.swift */; };
		45A949211FC2DFF9003C3A23 /* ReceiveStartPresenter.swift in Sources */ = {isa = PBXBuildFile; fileRef = 45A949201FC2DFF9003C3A23 /* ReceiveStartPresenter.swift */; };
		45A949251FC2EE55003C3A23 /* ReceiveAmountPresenter.swift in Sources */ = {isa = PBXBuildFile; fileRef = 45A949241FC2EE55003C3A23 /* ReceiveAmountPresenter.swift */; };
		45A949271FC2EE68003C3A23 /* ReceiveAmountViewController.swift in Sources */ = {isa = PBXBuildFile; fileRef = 45A949261FC2EE68003C3A23 /* ReceiveAmountViewController.swift */; };
		45B9CAFE1FBB4A8700AA2A31 /* AssetsViewController.swift in Sources */ = {isa = PBXBuildFile; fileRef = 45B9CAFD1FBB4A8700AA2A31 /* AssetsViewController.swift */; };
		45B9CB001FBB4AB200AA2A31 /* AssetsPresenter.swift in Sources */ = {isa = PBXBuildFile; fileRef = 45B9CAFF1FBB4AB200AA2A31 /* AssetsPresenter.swift */; };
		45B9CB071FBB51AE00AA2A31 /* WalletTableViewCell.swift in Sources */ = {isa = PBXBuildFile; fileRef = 45B9CB051FBB51AE00AA2A31 /* WalletTableViewCell.swift */; };
		45B9CB081FBB51AE00AA2A31 /* WalletTableViewCell.xib in Resources */ = {isa = PBXBuildFile; fileRef = 45B9CB061FBB51AE00AA2A31 /* WalletTableViewCell.xib */; };
		D496D62434EEF751018C3C3E /* Pods_Multy.framework in Frameworks */ = {isa = PBXBuildFile; fileRef = 0B3BE9914E6DC6547AB733A8 /* Pods_Multy.framework */; };
/* End PBXBuildFile section */

/* Begin PBXFileReference section */
		0B3BE9914E6DC6547AB733A8 /* Pods_Multy.framework */ = {isa = PBXFileReference; explicitFileType = wrapper.framework; includeInIndex = 0; path = Pods_Multy.framework; sourceTree = BUILT_PRODUCTS_DIR; };
		313568CEE4A41522AB0FD8F0 /* Pods-Multy.release.xcconfig */ = {isa = PBXFileReference; includeInIndex = 1; lastKnownFileType = text.xcconfig; name = "Pods-Multy.release.xcconfig"; path = "Pods/Target Support Files/Pods-Multy/Pods-Multy.release.xcconfig"; sourceTree = "<group>"; };
		452290511FBB18D30024B550 /* Multy.app */ = {isa = PBXFileReference; explicitFileType = wrapper.application; includeInIndex = 0; path = Multy.app; sourceTree = BUILT_PRODUCTS_DIR; };
		452290541FBB18D30024B550 /* AppDelegate.swift */ = {isa = PBXFileReference; lastKnownFileType = sourcecode.swift; path = AppDelegate.swift; sourceTree = "<group>"; };
		452290591FBB18D30024B550 /* Base */ = {isa = PBXFileReference; lastKnownFileType = file.storyboard; name = Base; path = Base.lproj/Main.storyboard; sourceTree = "<group>"; };
		4522905B1FBB18D30024B550 /* Assets.xcassets */ = {isa = PBXFileReference; lastKnownFileType = folder.assetcatalog; path = Assets.xcassets; sourceTree = "<group>"; };
		4522905E1FBB18D30024B550 /* Base */ = {isa = PBXFileReference; lastKnownFileType = file.storyboard; name = Base; path = Base.lproj/LaunchScreen.storyboard; sourceTree = "<group>"; };
		452290601FBB18D30024B550 /* Info.plist */ = {isa = PBXFileReference; lastKnownFileType = text.plist.xml; path = Info.plist; sourceTree = "<group>"; };
		457486141FBD7ED8002D1925 /* SMPageControl.swift */ = {isa = PBXFileReference; fileEncoding = 4; lastKnownFileType = sourcecode.swift; path = SMPageControl.swift; sourceTree = "<group>"; };
		4575692C1FBDAA0C00FDEE20 /* SeedPhrase.storyboard */ = {isa = PBXFileReference; lastKnownFileType = file.storyboard; path = SeedPhrase.storyboard; sourceTree = "<group>"; };
		457569311FBDBC7600FDEE20 /* SeedPhraseAboutViewController.swift */ = {isa = PBXFileReference; lastKnownFileType = sourcecode.swift; path = SeedPhraseAboutViewController.swift; sourceTree = "<group>"; };
		457569331FBDBC9600FDEE20 /* SeedPhraseAboutPresenter.swift */ = {isa = PBXFileReference; lastKnownFileType = sourcecode.swift; path = SeedPhraseAboutPresenter.swift; sourceTree = "<group>"; };
		457569351FBDC23300FDEE20 /* Colors.swift */ = {isa = PBXFileReference; lastKnownFileType = sourcecode.swift; path = Colors.swift; sourceTree = "<group>"; };
		457569391FBDC38A00FDEE20 /* SeedPhraseWordPresenter.swift */ = {isa = PBXFileReference; lastKnownFileType = sourcecode.swift; path = SeedPhraseWordPresenter.swift; sourceTree = "<group>"; };
		4575693B1FBDC3A800FDEE20 /* SeedPhraseWordViewController.swift */ = {isa = PBXFileReference; lastKnownFileType = sourcecode.swift; path = SeedPhraseWordViewController.swift; sourceTree = "<group>"; };
		4575693E1FBDD6C300FDEE20 /* BackupSeedPhraseViewController.swift */ = {isa = PBXFileReference; lastKnownFileType = sourcecode.swift; path = BackupSeedPhraseViewController.swift; sourceTree = "<group>"; };
		457569401FBDD6E000FDEE20 /* BackupSeedPhrasePresenter.swift */ = {isa = PBXFileReference; lastKnownFileType = sourcecode.swift; path = BackupSeedPhrasePresenter.swift; sourceTree = "<group>"; };
		457569431FBDDCFF00FDEE20 /* CheckWordsViewController.swift */ = {isa = PBXFileReference; lastKnownFileType = sourcecode.swift; path = CheckWordsViewController.swift; sourceTree = "<group>"; };
		457569451FBDDD0F00FDEE20 /* CheckWordsPresenter.swift */ = {isa = PBXFileReference; lastKnownFileType = sourcecode.swift; path = CheckWordsPresenter.swift; sourceTree = "<group>"; };
		457569481FBDEDB900FDEE20 /* BackupFinishPresenter.swift */ = {isa = PBXFileReference; lastKnownFileType = sourcecode.swift; path = BackupFinishPresenter.swift; sourceTree = "<group>"; };
		4575694A1FBDEDE300FDEE20 /* BackupFinishViewController.swift */ = {isa = PBXFileReference; lastKnownFileType = sourcecode.swift; path = BackupFinishViewController.swift; sourceTree = "<group>"; };
		4583AC901FBC7122001991AA /* PortfolioTableViewCell.swift */ = {isa = PBXFileReference; lastKnownFileType = sourcecode.swift; path = PortfolioTableViewCell.swift; sourceTree = "<group>"; };
		4583AC911FBC7122001991AA /* PortfolioTableViewCell.xib */ = {isa = PBXFileReference; lastKnownFileType = file.xib; path = PortfolioTableViewCell.xib; sourceTree = "<group>"; };
		4583AC961FBC8596001991AA /* PortfolioCollectionViewCell.swift */ = {isa = PBXFileReference; lastKnownFileType = sourcecode.swift; path = PortfolioCollectionViewCell.swift; sourceTree = "<group>"; };
		4583AC971FBC8596001991AA /* PortfolioCollectionViewCell.xib */ = {isa = PBXFileReference; lastKnownFileType = file.xib; path = PortfolioCollectionViewCell.xib; sourceTree = "<group>"; };
		4583AC9D1FBC991E001991AA /* NewWalletTableViewCell.swift */ = {isa = PBXFileReference; lastKnownFileType = sourcecode.swift; path = NewWalletTableViewCell.swift; sourceTree = "<group>"; };
		4583AC9E1FBC991E001991AA /* NewWalletTableViewCell.xib */ = {isa = PBXFileReference; lastKnownFileType = file.xib; path = NewWalletTableViewCell.xib; sourceTree = "<group>"; };
		4583ACA21FBCAC60001991AA /* ExtensionsUIView.swift */ = {isa = PBXFileReference; lastKnownFileType = sourcecode.swift; path = ExtensionsUIView.swift; sourceTree = "<group>"; };
		45A9491B1FC2D8C9003C3A23 /* Receive.storyboard */ = {isa = PBXFileReference; lastKnownFileType = file.storyboard; path = Receive.storyboard; sourceTree = "<group>"; };
		45A9491E1FC2DFC7003C3A23 /* ReceiveStartViewController.swift */ = {isa = PBXFileReference; lastKnownFileType = sourcecode.swift; path = ReceiveStartViewController.swift; sourceTree = "<group>"; };
		45A949201FC2DFF9003C3A23 /* ReceiveStartPresenter.swift */ = {isa = PBXFileReference; lastKnownFileType = sourcecode.swift; path = ReceiveStartPresenter.swift; sourceTree = "<group>"; };
		45A949241FC2EE55003C3A23 /* ReceiveAmountPresenter.swift */ = {isa = PBXFileReference; lastKnownFileType = sourcecode.swift; path = ReceiveAmountPresenter.swift; sourceTree = "<group>"; };
		45A949261FC2EE68003C3A23 /* ReceiveAmountViewController.swift */ = {isa = PBXFileReference; lastKnownFileType = sourcecode.swift; path = ReceiveAmountViewController.swift; sourceTree = "<group>"; };
		45B9CAFD1FBB4A8700AA2A31 /* AssetsViewController.swift */ = {isa = PBXFileReference; lastKnownFileType = sourcecode.swift; path = AssetsViewController.swift; sourceTree = "<group>"; };
		45B9CAFF1FBB4AB200AA2A31 /* AssetsPresenter.swift */ = {isa = PBXFileReference; lastKnownFileType = sourcecode.swift; path = AssetsPresenter.swift; sourceTree = "<group>"; };
		45B9CB051FBB51AE00AA2A31 /* WalletTableViewCell.swift */ = {isa = PBXFileReference; lastKnownFileType = sourcecode.swift; path = WalletTableViewCell.swift; sourceTree = "<group>"; };
		45B9CB061FBB51AE00AA2A31 /* WalletTableViewCell.xib */ = {isa = PBXFileReference; lastKnownFileType = file.xib; path = WalletTableViewCell.xib; sourceTree = "<group>"; };
		FB8B9FB3B25309DBF0633968 /* Pods-Multy.debug.xcconfig */ = {isa = PBXFileReference; includeInIndex = 1; lastKnownFileType = text.xcconfig; name = "Pods-Multy.debug.xcconfig"; path = "Pods/Target Support Files/Pods-Multy/Pods-Multy.debug.xcconfig"; sourceTree = "<group>"; };
/* End PBXFileReference section */

/* Begin PBXFrameworksBuildPhase section */
		4522904E1FBB18D30024B550 /* Frameworks */ = {
			isa = PBXFrameworksBuildPhase;
			buildActionMask = 2147483647;
			files = (
				D496D62434EEF751018C3C3E /* Pods_Multy.framework in Frameworks */,
			);
			runOnlyForDeploymentPostprocessing = 0;
		};
/* End PBXFrameworksBuildPhase section */

/* Begin PBXGroup section */
		2228F864DD3E73268CE85B0A /* Frameworks */ = {
			isa = PBXGroup;
			children = (
				0B3BE9914E6DC6547AB733A8 /* Pods_Multy.framework */,
			);
			name = Frameworks;
			sourceTree = "<group>";
		};
		452290481FBB18D30024B550 = {
			isa = PBXGroup;
			children = (
				452290531FBB18D30024B550 /* Multy */,
				452290521FBB18D30024B550 /* Products */,
				A1CDC6A3E0B64716CC85520E /* Pods */,
				2228F864DD3E73268CE85B0A /* Frameworks */,
			);
			sourceTree = "<group>";
		};
		452290521FBB18D30024B550 /* Products */ = {
			isa = PBXGroup;
			children = (
				452290511FBB18D30024B550 /* Multy.app */,
			);
			name = Products;
			sourceTree = "<group>";
		};
		452290531FBB18D30024B550 /* Multy */ = {
			isa = PBXGroup;
			children = (
				452290541FBB18D30024B550 /* AppDelegate.swift */,
				452290601FBB18D30024B550 /* Info.plist */,
				45B9CB021FBB4AEB00AA2A31 /* Storyboards */,
				45B9CB031FBB4B2300AA2A31 /* ViewControllers and Presenters */,
				45B9CB041FBB4B6600AA2A31 /* Cells */,
				4583ACA11FBCAC37001991AA /* Extensions */,
				457486131FBD7DAF002D1925 /* Additional Libraries */,
				4522905B1FBB18D30024B550 /* Assets.xcassets */,
			);
			path = Multy;
			sourceTree = "<group>";
		};
		457486131FBD7DAF002D1925 /* Additional Libraries */ = {
			isa = PBXGroup;
			children = (
				457486141FBD7ED8002D1925 /* SMPageControl.swift */,
			);
			path = "Additional Libraries";
			sourceTree = "<group>";
		};
		457569301FBDBB7500FDEE20 /* Seed Phrase */ = {
			isa = PBXGroup;
			children = (
				457569371FBDC2FE00FDEE20 /* SeedPhraseAbout */,
				457569381FBDC34700FDEE20 /* Phrase Word */,
				4575693D1FBDD65500FDEE20 /* Backup Phrase */,
				457569421FBDDCBB00FDEE20 /* Check Phrase */,
				457569471FBDED7B00FDEE20 /* Congratulations */,
			);
			path = "Seed Phrase";
			sourceTree = "<group>";
		};
		457569371FBDC2FE00FDEE20 /* SeedPhraseAbout */ = {
			isa = PBXGroup;
			children = (
				457569311FBDBC7600FDEE20 /* SeedPhraseAboutViewController.swift */,
				457569331FBDBC9600FDEE20 /* SeedPhraseAboutPresenter.swift */,
			);
			path = SeedPhraseAbout;
			sourceTree = "<group>";
		};
		457569381FBDC34700FDEE20 /* Phrase Word */ = {
			isa = PBXGroup;
			children = (
				4575693B1FBDC3A800FDEE20 /* SeedPhraseWordViewController.swift */,
				457569391FBDC38A00FDEE20 /* SeedPhraseWordPresenter.swift */,
			);
			path = "Phrase Word";
			sourceTree = "<group>";
		};
		4575693D1FBDD65500FDEE20 /* Backup Phrase */ = {
			isa = PBXGroup;
			children = (
				4575693E1FBDD6C300FDEE20 /* BackupSeedPhraseViewController.swift */,
				457569401FBDD6E000FDEE20 /* BackupSeedPhrasePresenter.swift */,
			);
			path = "Backup Phrase";
			sourceTree = "<group>";
		};
		457569421FBDDCBB00FDEE20 /* Check Phrase */ = {
			isa = PBXGroup;
			children = (
				457569431FBDDCFF00FDEE20 /* CheckWordsViewController.swift */,
				457569451FBDDD0F00FDEE20 /* CheckWordsPresenter.swift */,
			);
			path = "Check Phrase";
			sourceTree = "<group>";
		};
		457569471FBDED7B00FDEE20 /* Congratulations */ = {
			isa = PBXGroup;
			children = (
				4575694A1FBDEDE300FDEE20 /* BackupFinishViewController.swift */,
				457569481FBDEDB900FDEE20 /* BackupFinishPresenter.swift */,
			);
			path = Congratulations;
			sourceTree = "<group>";
		};
		4583AC8D1FBC70D6001991AA /* WalletTVC */ = {
			isa = PBXGroup;
			children = (
				45B9CB051FBB51AE00AA2A31 /* WalletTableViewCell.swift */,
				45B9CB061FBB51AE00AA2A31 /* WalletTableViewCell.xib */,
			);
			path = WalletTVC;
			sourceTree = "<group>";
		};
		4583AC8F1FBC70F3001991AA /* Portfolio */ = {
			isa = PBXGroup;
			children = (
				4583AC901FBC7122001991AA /* PortfolioTableViewCell.swift */,
				4583AC911FBC7122001991AA /* PortfolioTableViewCell.xib */,
				4583AC961FBC8596001991AA /* PortfolioCollectionViewCell.swift */,
				4583AC971FBC8596001991AA /* PortfolioCollectionViewCell.xib */,
			);
			path = Portfolio;
			sourceTree = "<group>";
		};
		4583AC9A1FBC98D9001991AA /* New Wallet Cell */ = {
			isa = PBXGroup;
			children = (
				4583AC9D1FBC991E001991AA /* NewWalletTableViewCell.swift */,
				4583AC9E1FBC991E001991AA /* NewWalletTableViewCell.xib */,
			);
			path = "New Wallet Cell";
			sourceTree = "<group>";
		};
		4583ACA11FBCAC37001991AA /* Extensions */ = {
			isa = PBXGroup;
			children = (
				4583ACA21FBCAC60001991AA /* ExtensionsUIView.swift */,
				457569351FBDC23300FDEE20 /* Colors.swift */,
			);
			path = Extensions;
			sourceTree = "<group>";
		};
		45A9491D1FC2DF03003C3A23 /* Receive */ = {
			isa = PBXGroup;
			children = (
				45A949221FC2E98B003C3A23 /* StartReceive */,
				45A949231FC2EE25003C3A23 /* ReceiveAmount */,
			);
			path = Receive;
			sourceTree = "<group>";
		};
		45A949221FC2E98B003C3A23 /* StartReceive */ = {
			isa = PBXGroup;
			children = (
				45A9491E1FC2DFC7003C3A23 /* ReceiveStartViewController.swift */,
				45A949201FC2DFF9003C3A23 /* ReceiveStartPresenter.swift */,
			);
			path = StartReceive;
			sourceTree = "<group>";
		};
		45A949231FC2EE25003C3A23 /* ReceiveAmount */ = {
			isa = PBXGroup;
			children = (
				45A949261FC2EE68003C3A23 /* ReceiveAmountViewController.swift */,
				45A949241FC2EE55003C3A23 /* ReceiveAmountPresenter.swift */,
			);
			path = ReceiveAmount;
			sourceTree = "<group>";
		};
		45B9CB011FBB4AC200AA2A31 /* Assets */ = {
			isa = PBXGroup;
			children = (
				45B9CAFD1FBB4A8700AA2A31 /* AssetsViewController.swift */,
				45B9CAFF1FBB4AB200AA2A31 /* AssetsPresenter.swift */,
			);
			path = Assets;
			sourceTree = "<group>";
		};
		45B9CB021FBB4AEB00AA2A31 /* Storyboards */ = {
			isa = PBXGroup;
			children = (
				452290581FBB18D30024B550 /* Main.storyboard */,
				4522905D1FBB18D30024B550 /* LaunchScreen.storyboard */,
				4575692C1FBDAA0C00FDEE20 /* SeedPhrase.storyboard */,
				45A9491B1FC2D8C9003C3A23 /* Receive.storyboard */,
			);
			path = Storyboards;
			sourceTree = "<group>";
		};
		45B9CB031FBB4B2300AA2A31 /* ViewControllers and Presenters */ = {
			isa = PBXGroup;
			children = (
				45B9CB011FBB4AC200AA2A31 /* Assets */,
				457569301FBDBB7500FDEE20 /* Seed Phrase */,
				45A9491D1FC2DF03003C3A23 /* Receive */,
			);
			path = "ViewControllers and Presenters";
			sourceTree = "<group>";
		};
		45B9CB041FBB4B6600AA2A31 /* Cells */ = {
			isa = PBXGroup;
			children = (
				4583AC9A1FBC98D9001991AA /* New Wallet Cell */,
				4583AC8F1FBC70F3001991AA /* Portfolio */,
				4583AC8D1FBC70D6001991AA /* WalletTVC */,
			);
			path = Cells;
			sourceTree = "<group>";
		};
		A1CDC6A3E0B64716CC85520E /* Pods */ = {
			isa = PBXGroup;
			children = (
				FB8B9FB3B25309DBF0633968 /* Pods-Multy.debug.xcconfig */,
				313568CEE4A41522AB0FD8F0 /* Pods-Multy.release.xcconfig */,
			);
			name = Pods;
			sourceTree = "<group>";
		};
/* End PBXGroup section */

/* Begin PBXNativeTarget section */
		452290501FBB18D30024B550 /* Multy */ = {
			isa = PBXNativeTarget;
			buildConfigurationList = 452290631FBB18D30024B550 /* Build configuration list for PBXNativeTarget "Multy" */;
			buildPhases = (
				0ADD653D844D573B83F60397 /* [CP] Check Pods Manifest.lock */,
				4522904D1FBB18D30024B550 /* Sources */,
				4522904E1FBB18D30024B550 /* Frameworks */,
				4522904F1FBB18D30024B550 /* Resources */,
				DB26D9CE466FEB83366D29AA /* [CP] Embed Pods Frameworks */,
				2B6535FC71A9BC1684BD25AF /* [CP] Copy Pods Resources */,
			);
			buildRules = (
			);
			dependencies = (
			);
			name = Multy;
			productName = Multy;
			productReference = 452290511FBB18D30024B550 /* Multy.app */;
			productType = "com.apple.product-type.application";
		};
/* End PBXNativeTarget section */

/* Begin PBXProject section */
		452290491FBB18D30024B550 /* Project object */ = {
			isa = PBXProject;
			attributes = {
				LastSwiftUpdateCheck = 0910;
				LastUpgradeCheck = 0910;
				ORGANIZATIONNAME = "Idealnaya rabota";
				TargetAttributes = {
					452290501FBB18D30024B550 = {
						CreatedOnToolsVersion = 9.1;
						ProvisioningStyle = Automatic;
					};
				};
			};
			buildConfigurationList = 4522904C1FBB18D30024B550 /* Build configuration list for PBXProject "Multy" */;
			compatibilityVersion = "Xcode 8.0";
			developmentRegion = en;
			hasScannedForEncodings = 0;
			knownRegions = (
				en,
				Base,
			);
			mainGroup = 452290481FBB18D30024B550;
			productRefGroup = 452290521FBB18D30024B550 /* Products */;
			projectDirPath = "";
			projectRoot = "";
			targets = (
				452290501FBB18D30024B550 /* Multy */,
			);
		};
/* End PBXProject section */

/* Begin PBXResourcesBuildPhase section */
		4522904F1FBB18D30024B550 /* Resources */ = {
			isa = PBXResourcesBuildPhase;
			buildActionMask = 2147483647;
			files = (
				4575692D1FBDAA0C00FDEE20 /* SeedPhrase.storyboard in Resources */,
				45B9CB081FBB51AE00AA2A31 /* WalletTableViewCell.xib in Resources */,
				4522905F1FBB18D30024B550 /* LaunchScreen.storyboard in Resources */,
				4522905C1FBB18D30024B550 /* Assets.xcassets in Resources */,
				45A9491C1FC2D8C9003C3A23 /* Receive.storyboard in Resources */,
				4522905A1FBB18D30024B550 /* Main.storyboard in Resources */,
				4583ACA01FBC991E001991AA /* NewWalletTableViewCell.xib in Resources */,
				4583AC931FBC7122001991AA /* PortfolioTableViewCell.xib in Resources */,
				4583AC991FBC8596001991AA /* PortfolioCollectionViewCell.xib in Resources */,
			);
			runOnlyForDeploymentPostprocessing = 0;
		};
/* End PBXResourcesBuildPhase section */

/* Begin PBXShellScriptBuildPhase section */
		0ADD653D844D573B83F60397 /* [CP] Check Pods Manifest.lock */ = {
			isa = PBXShellScriptBuildPhase;
			buildActionMask = 2147483647;
			files = (
			);
			inputPaths = (
				"${PODS_PODFILE_DIR_PATH}/Podfile.lock",
				"${PODS_ROOT}/Manifest.lock",
			);
			name = "[CP] Check Pods Manifest.lock";
			outputPaths = (
				"$(DERIVED_FILE_DIR)/Pods-Multy-checkManifestLockResult.txt",
			);
			runOnlyForDeploymentPostprocessing = 0;
			shellPath = /bin/sh;
			shellScript = "diff \"${PODS_PODFILE_DIR_PATH}/Podfile.lock\" \"${PODS_ROOT}/Manifest.lock\" > /dev/null\nif [ $? != 0 ] ; then\n    # print error to STDERR\n    echo \"error: The sandbox is not in sync with the Podfile.lock. Run 'pod install' or update your CocoaPods installation.\" >&2\n    exit 1\nfi\n# This output is used by Xcode 'outputs' to avoid re-running this script phase.\necho \"SUCCESS\" > \"${SCRIPT_OUTPUT_FILE_0}\"\n";
			showEnvVarsInLog = 0;
		};
		2B6535FC71A9BC1684BD25AF /* [CP] Copy Pods Resources */ = {
			isa = PBXShellScriptBuildPhase;
			buildActionMask = 2147483647;
			files = (
			);
			inputPaths = (
			);
			name = "[CP] Copy Pods Resources";
			outputPaths = (
			);
			runOnlyForDeploymentPostprocessing = 0;
			shellPath = /bin/sh;
			shellScript = "\"${SRCROOT}/Pods/Target Support Files/Pods-Multy/Pods-Multy-resources.sh\"\n";
			showEnvVarsInLog = 0;
		};
		DB26D9CE466FEB83366D29AA /* [CP] Embed Pods Frameworks */ = {
			isa = PBXShellScriptBuildPhase;
			buildActionMask = 2147483647;
			files = (
			);
			inputPaths = (
				"${SRCROOT}/Pods/Target Support Files/Pods-Multy/Pods-Multy-frameworks.sh",
				"${BUILT_PRODUCTS_DIR}/ButtonProgressBar-iOS/ButtonProgressBar_iOS.framework",
				"${BUILT_PRODUCTS_DIR}/LTMorphingLabel/LTMorphingLabel.framework",
				"${BUILT_PRODUCTS_DIR}/R.swift.Library/Rswift.framework",
				"${BUILT_PRODUCTS_DIR}/Realm/Realm.framework",
				"${BUILT_PRODUCTS_DIR}/RealmSwift/RealmSwift.framework",
				"${BUILT_PRODUCTS_DIR}/ZFRippleButton/ZFRippleButton.framework",
			);
			name = "[CP] Embed Pods Frameworks";
			outputPaths = (
				"${TARGET_BUILD_DIR}/${FRAMEWORKS_FOLDER_PATH}/ButtonProgressBar_iOS.framework",
				"${TARGET_BUILD_DIR}/${FRAMEWORKS_FOLDER_PATH}/LTMorphingLabel.framework",
				"${TARGET_BUILD_DIR}/${FRAMEWORKS_FOLDER_PATH}/Rswift.framework",
				"${TARGET_BUILD_DIR}/${FRAMEWORKS_FOLDER_PATH}/Realm.framework",
				"${TARGET_BUILD_DIR}/${FRAMEWORKS_FOLDER_PATH}/RealmSwift.framework",
				"${TARGET_BUILD_DIR}/${FRAMEWORKS_FOLDER_PATH}/ZFRippleButton.framework",
			);
			runOnlyForDeploymentPostprocessing = 0;
			shellPath = /bin/sh;
			shellScript = "\"${SRCROOT}/Pods/Target Support Files/Pods-Multy/Pods-Multy-frameworks.sh\"\n";
			showEnvVarsInLog = 0;
		};
/* End PBXShellScriptBuildPhase section */

/* Begin PBXSourcesBuildPhase section */
		4522904D1FBB18D30024B550 /* Sources */ = {
			isa = PBXSourcesBuildPhase;
			buildActionMask = 2147483647;
			files = (
				457569321FBDBC7600FDEE20 /* SeedPhraseAboutViewController.swift in Sources */,
				45A949211FC2DFF9003C3A23 /* ReceiveStartPresenter.swift in Sources */,
				4575693F1FBDD6C300FDEE20 /* BackupSeedPhraseViewController.swift in Sources */,
				4575694B1FBDEDE300FDEE20 /* BackupFinishViewController.swift in Sources */,
				457569441FBDDCFF00FDEE20 /* CheckWordsViewController.swift in Sources */,
				457569361FBDC23300FDEE20 /* Colors.swift in Sources */,
				4575693C1FBDC3A800FDEE20 /* SeedPhraseWordViewController.swift in Sources */,
				4583AC921FBC7122001991AA /* PortfolioTableViewCell.swift in Sources */,
				457486151FBD7ED8002D1925 /* SMPageControl.swift in Sources */,
				45B9CB071FBB51AE00AA2A31 /* WalletTableViewCell.swift in Sources */,
				4583ACA31FBCAC60001991AA /* ExtensionsUIView.swift in Sources */,
				452290551FBB18D30024B550 /* AppDelegate.swift in Sources */,
				457569341FBDBC9600FDEE20 /* SeedPhraseAboutPresenter.swift in Sources */,
				457569461FBDDD0F00FDEE20 /* CheckWordsPresenter.swift in Sources */,
				45A949271FC2EE68003C3A23 /* ReceiveAmountViewController.swift in Sources */,
				45B9CAFE1FBB4A8700AA2A31 /* AssetsViewController.swift in Sources */,
				4575693A1FBDC38A00FDEE20 /* SeedPhraseWordPresenter.swift in Sources */,
				457569411FBDD6E000FDEE20 /* BackupSeedPhrasePresenter.swift in Sources */,
				457569491FBDEDB900FDEE20 /* BackupFinishPresenter.swift in Sources */,
				45A949251FC2EE55003C3A23 /* ReceiveAmountPresenter.swift in Sources */,
				45B9CB001FBB4AB200AA2A31 /* AssetsPresenter.swift in Sources */,
				4583AC981FBC8596001991AA /* PortfolioCollectionViewCell.swift in Sources */,
				4583AC9F1FBC991E001991AA /* NewWalletTableViewCell.swift in Sources */,
				45A9491F1FC2DFC7003C3A23 /* ReceiveStartViewController.swift in Sources */,
			);
			runOnlyForDeploymentPostprocessing = 0;
		};
/* End PBXSourcesBuildPhase section */

/* Begin PBXVariantGroup section */
		452290581FBB18D30024B550 /* Main.storyboard */ = {
			isa = PBXVariantGroup;
			children = (
				452290591FBB18D30024B550 /* Base */,
			);
			name = Main.storyboard;
			sourceTree = "<group>";
		};
		4522905D1FBB18D30024B550 /* LaunchScreen.storyboard */ = {
			isa = PBXVariantGroup;
			children = (
				4522905E1FBB18D30024B550 /* Base */,
			);
			name = LaunchScreen.storyboard;
			sourceTree = "<group>";
		};
/* End PBXVariantGroup section */

/* Begin XCBuildConfiguration section */
		452290611FBB18D30024B550 /* Debug */ = {
			isa = XCBuildConfiguration;
			buildSettings = {
				ALWAYS_SEARCH_USER_PATHS = NO;
				CLANG_ANALYZER_NONNULL = YES;
				CLANG_ANALYZER_NUMBER_OBJECT_CONVERSION = YES_AGGRESSIVE;
				CLANG_CXX_LANGUAGE_STANDARD = "gnu++14";
				CLANG_CXX_LIBRARY = "libc++";
				CLANG_ENABLE_MODULES = YES;
				CLANG_ENABLE_OBJC_ARC = YES;
				CLANG_WARN_BLOCK_CAPTURE_AUTORELEASING = YES;
				CLANG_WARN_BOOL_CONVERSION = YES;
				CLANG_WARN_COMMA = YES;
				CLANG_WARN_CONSTANT_CONVERSION = YES;
				CLANG_WARN_DIRECT_OBJC_ISA_USAGE = YES_ERROR;
				CLANG_WARN_DOCUMENTATION_COMMENTS = YES;
				CLANG_WARN_EMPTY_BODY = YES;
				CLANG_WARN_ENUM_CONVERSION = YES;
				CLANG_WARN_INFINITE_RECURSION = YES;
				CLANG_WARN_INT_CONVERSION = YES;
				CLANG_WARN_NON_LITERAL_NULL_CONVERSION = YES;
				CLANG_WARN_OBJC_LITERAL_CONVERSION = YES;
				CLANG_WARN_OBJC_ROOT_CLASS = YES_ERROR;
				CLANG_WARN_RANGE_LOOP_ANALYSIS = YES;
				CLANG_WARN_STRICT_PROTOTYPES = YES;
				CLANG_WARN_SUSPICIOUS_MOVE = YES;
				CLANG_WARN_UNGUARDED_AVAILABILITY = YES_AGGRESSIVE;
				CLANG_WARN_UNREACHABLE_CODE = YES;
				CLANG_WARN__DUPLICATE_METHOD_MATCH = YES;
				CODE_SIGN_IDENTITY = "iPhone Developer";
				COPY_PHASE_STRIP = NO;
				DEBUG_INFORMATION_FORMAT = dwarf;
				ENABLE_STRICT_OBJC_MSGSEND = YES;
				ENABLE_TESTABILITY = YES;
				GCC_C_LANGUAGE_STANDARD = gnu11;
				GCC_DYNAMIC_NO_PIC = NO;
				GCC_NO_COMMON_BLOCKS = YES;
				GCC_OPTIMIZATION_LEVEL = 0;
				GCC_PREPROCESSOR_DEFINITIONS = (
					"DEBUG=1",
					"$(inherited)",
				);
				GCC_WARN_64_TO_32_BIT_CONVERSION = YES;
				GCC_WARN_ABOUT_RETURN_TYPE = YES_ERROR;
				GCC_WARN_UNDECLARED_SELECTOR = YES;
				GCC_WARN_UNINITIALIZED_AUTOS = YES_AGGRESSIVE;
				GCC_WARN_UNUSED_FUNCTION = YES;
				GCC_WARN_UNUSED_VARIABLE = YES;
				IPHONEOS_DEPLOYMENT_TARGET = 11.1;
				MTL_ENABLE_DEBUG_INFO = YES;
				ONLY_ACTIVE_ARCH = YES;
				SDKROOT = iphoneos;
				SWIFT_ACTIVE_COMPILATION_CONDITIONS = DEBUG;
				SWIFT_OPTIMIZATION_LEVEL = "-Onone";
			};
			name = Debug;
		};
		452290621FBB18D30024B550 /* Release */ = {
			isa = XCBuildConfiguration;
			buildSettings = {
				ALWAYS_SEARCH_USER_PATHS = NO;
				CLANG_ANALYZER_NONNULL = YES;
				CLANG_ANALYZER_NUMBER_OBJECT_CONVERSION = YES_AGGRESSIVE;
				CLANG_CXX_LANGUAGE_STANDARD = "gnu++14";
				CLANG_CXX_LIBRARY = "libc++";
				CLANG_ENABLE_MODULES = YES;
				CLANG_ENABLE_OBJC_ARC = YES;
				CLANG_WARN_BLOCK_CAPTURE_AUTORELEASING = YES;
				CLANG_WARN_BOOL_CONVERSION = YES;
				CLANG_WARN_COMMA = YES;
				CLANG_WARN_CONSTANT_CONVERSION = YES;
				CLANG_WARN_DIRECT_OBJC_ISA_USAGE = YES_ERROR;
				CLANG_WARN_DOCUMENTATION_COMMENTS = YES;
				CLANG_WARN_EMPTY_BODY = YES;
				CLANG_WARN_ENUM_CONVERSION = YES;
				CLANG_WARN_INFINITE_RECURSION = YES;
				CLANG_WARN_INT_CONVERSION = YES;
				CLANG_WARN_NON_LITERAL_NULL_CONVERSION = YES;
				CLANG_WARN_OBJC_LITERAL_CONVERSION = YES;
				CLANG_WARN_OBJC_ROOT_CLASS = YES_ERROR;
				CLANG_WARN_RANGE_LOOP_ANALYSIS = YES;
				CLANG_WARN_STRICT_PROTOTYPES = YES;
				CLANG_WARN_SUSPICIOUS_MOVE = YES;
				CLANG_WARN_UNGUARDED_AVAILABILITY = YES_AGGRESSIVE;
				CLANG_WARN_UNREACHABLE_CODE = YES;
				CLANG_WARN__DUPLICATE_METHOD_MATCH = YES;
				CODE_SIGN_IDENTITY = "iPhone Developer";
				COPY_PHASE_STRIP = NO;
				DEBUG_INFORMATION_FORMAT = "dwarf-with-dsym";
				ENABLE_NS_ASSERTIONS = NO;
				ENABLE_STRICT_OBJC_MSGSEND = YES;
				GCC_C_LANGUAGE_STANDARD = gnu11;
				GCC_NO_COMMON_BLOCKS = YES;
				GCC_WARN_64_TO_32_BIT_CONVERSION = YES;
				GCC_WARN_ABOUT_RETURN_TYPE = YES_ERROR;
				GCC_WARN_UNDECLARED_SELECTOR = YES;
				GCC_WARN_UNINITIALIZED_AUTOS = YES_AGGRESSIVE;
				GCC_WARN_UNUSED_FUNCTION = YES;
				GCC_WARN_UNUSED_VARIABLE = YES;
				IPHONEOS_DEPLOYMENT_TARGET = 11.1;
				MTL_ENABLE_DEBUG_INFO = NO;
				SDKROOT = iphoneos;
				SWIFT_OPTIMIZATION_LEVEL = "-Owholemodule";
				VALIDATE_PRODUCT = YES;
			};
			name = Release;
		};
		452290641FBB18D30024B550 /* Debug */ = {
			isa = XCBuildConfiguration;
			baseConfigurationReference = FB8B9FB3B25309DBF0633968 /* Pods-Multy.debug.xcconfig */;
			buildSettings = {
				ASSETCATALOG_COMPILER_APPICON_NAME = AppIcon;
				"CODE_SIGN_IDENTITY[sdk=iphoneos*]" = "iPhone Developer";
				CODE_SIGN_STYLE = Automatic;
				DEVELOPMENT_TEAM = C2N7D6E4AC;
				INFOPLIST_FILE = Multy/Info.plist;
				IPHONEOS_DEPLOYMENT_TARGET = 9.0;
				LD_RUNPATH_SEARCH_PATHS = "$(inherited) @executable_path/Frameworks";
				PRODUCT_BUNDLE_IDENTIFIER = com.devmulty;
				PRODUCT_NAME = "$(TARGET_NAME)";
				PROVISIONING_PROFILE_SPECIFIER = "";
				SWIFT_VERSION = 4.0;
				TARGETED_DEVICE_FAMILY = "1,2";
			};
			name = Debug;
		};
		452290651FBB18D30024B550 /* Release */ = {
			isa = XCBuildConfiguration;
			baseConfigurationReference = 313568CEE4A41522AB0FD8F0 /* Pods-Multy.release.xcconfig */;
			buildSettings = {
				ASSETCATALOG_COMPILER_APPICON_NAME = AppIcon;
				"CODE_SIGN_IDENTITY[sdk=iphoneos*]" = "iPhone Developer";
				CODE_SIGN_STYLE = Automatic;
				DEVELOPMENT_TEAM = C2N7D6E4AC;
				INFOPLIST_FILE = Multy/Info.plist;
				IPHONEOS_DEPLOYMENT_TARGET = 9.0;
				LD_RUNPATH_SEARCH_PATHS = "$(inherited) @executable_path/Frameworks";
				PRODUCT_BUNDLE_IDENTIFIER = com.devmulty;
				PRODUCT_NAME = "$(TARGET_NAME)";
				PROVISIONING_PROFILE_SPECIFIER = "";
				SWIFT_VERSION = 4.0;
				TARGETED_DEVICE_FAMILY = "1,2";
			};
			name = Release;
		};
/* End XCBuildConfiguration section */

/* Begin XCConfigurationList section */
		4522904C1FBB18D30024B550 /* Build configuration list for PBXProject "Multy" */ = {
			isa = XCConfigurationList;
			buildConfigurations = (
				452290611FBB18D30024B550 /* Debug */,
				452290621FBB18D30024B550 /* Release */,
			);
			defaultConfigurationIsVisible = 0;
			defaultConfigurationName = Release;
		};
		452290631FBB18D30024B550 /* Build configuration list for PBXNativeTarget "Multy" */ = {
			isa = XCConfigurationList;
			buildConfigurations = (
				452290641FBB18D30024B550 /* Debug */,
				452290651FBB18D30024B550 /* Release */,
			);
			defaultConfigurationIsVisible = 0;
			defaultConfigurationName = Release;
		};
/* End XCConfigurationList section */
	};
	rootObject = 452290491FBB18D30024B550 /* Project object */;
}
